
Microsoft Visual Studio Solution File, Format Version 12.00
# Visual Studio Version 17
VisualStudioVersion = 17.3.32922.545
MinimumVisualStudioVersion = 10.0.40219.1
Project("{FAE04EC0-301F-11D3-BF4B-00C04F79EFBC}") = "RabbitMQ", "RabbitMQ\RabbitMQ.csproj", "{534E685E-540F-49AA-8F79-E1465DBD6EBA}"
EndProject
Project("{FAE04EC0-301F-11D3-BF4B-00C04F79EFBC}") = "Receive", "Receive\Receive.csproj", "{277DB844-4AB5-4508-9FFB-711A03FD2FE1}"
EndProject
Global
	GlobalSection(SolutionConfigurationPlatforms) = preSolution
		Debug|Any CPU = Debug|Any CPU
		Release|Any CPU = Release|Any CPU
	EndGlobalSection
	GlobalSection(ProjectConfigurationPlatforms) = postSolution
		{534E685E-540F-49AA-8F79-E1465DBD6EBA}.Debug|Any CPU.ActiveCfg = Debug|Any CPU
		{534E685E-540F-49AA-8F79-E1465DBD6EBA}.Debug|Any CPU.Build.0 = Debug|Any CPU
		{534E685E-540F-49AA-8F79-E1465DBD6EBA}.Release|Any CPU.ActiveCfg = Release|Any CPU
		{534E685E-540F-49AA-8F79-E1465DBD6EBA}.Release|Any CPU.Build.0 = Release|Any CPU
		{277DB844-4AB5-4508-9FFB-711A03FD2FE1}.Debug|Any CPU.ActiveCfg = Debug|Any CPU
		{277DB844-4AB5-4508-9FFB-711A03FD2FE1}.Debug|Any CPU.Build.0 = Debug|Any CPU
		{277DB844-4AB5-4508-9FFB-711A03FD2FE1}.Release|Any CPU.ActiveCfg = Release|Any CPU
		{277DB844-4AB5-4508-9FFB-711A03FD2FE1}.Release|Any CPU.Build.0 = Release|Any CPU
	EndGlobalSection
	GlobalSection(SolutionProperties) = preSolution
		HideSolutionNode = FALSE
	EndGlobalSection
	GlobalSection(ExtensibilityGlobals) = postSolution
		SolutionGuid = {241F8FA2-17FA-4DB3-880C-6C7874D4960C}
	EndGlobalSection
EndGlobal
